
Microsoft Visual Studio Solution File, Format Version 12.00
# Visual Studio 14
VisualStudioVersion = 14.0.25123.0
MinimumVisualStudioVersion = 10.0.40219.1
Project("{FAE04EC0-301F-11D3-BF4B-00C04F79EFBC}") = "PharmacyDesktopApplication", "PharmacyDesktopApplication\PharmacyDesktopApplication.csproj", "{4BCC18E0-831B-4A9B-B3D3-97F1137FADD3}"
EndProject
Project("{54435603-DBB4-11D2-8724-00A0C9A8B90C}") = "Setup", "Setup\Setup.vdproj", "{E79F56DC-59CB-464F-B0E3-25E3698E45D5}"
EndProject
Global
	GlobalSection(SolutionConfigurationPlatforms) = preSolution
		Debug|Any CPU = Debug|Any CPU
		Release|Any CPU = Release|Any CPU
	EndGlobalSection
	GlobalSection(ProjectConfigurationPlatforms) = postSolution
		{4BCC18E0-831B-4A9B-B3D3-97F1137FADD3}.Debug|Any CPU.ActiveCfg = Debug|Any CPU
		{4BCC18E0-831B-4A9B-B3D3-97F1137FADD3}.Debug|Any CPU.Build.0 = Debug|Any CPU
		{4BCC18E0-831B-4A9B-B3D3-97F1137FADD3}.Release|Any CPU.ActiveCfg = Release|Any CPU
		{4BCC18E0-831B-4A9B-B3D3-97F1137FADD3}.Release|Any CPU.Build.0 = Release|Any CPU
		{E79F56DC-59CB-464F-B0E3-25E3698E45D5}.Debug|Any CPU.ActiveCfg = Debug
		{E79F56DC-59CB-464F-B0E3-25E3698E45D5}.Release|Any CPU.ActiveCfg = Release
	EndGlobalSection
	GlobalSection(SolutionProperties) = preSolution
		HideSolutionNode = FALSE
	EndGlobalSection
EndGlobal
